schema_version=1

[project]
y3_project_major=2.0
y3_project_version=17
entry_map_version=73
y3_runtime_lua=5.4
offline_test_lua=5.1.5

[y3maker]
url=https://github.com/y3-editor/y3-maker-config.git
commit=c51ec00884a291b69aa82932d587efc9fc61c6bf
tracking=external_ignored_toolchain

[y3_lualib]
url=https://github.com/y3-editor/y3-lualib.git
commit=98efc1cc14f6143fd3caaf4435460ef8126114e1
version=260616
tracking=git_submodule

